// !$*UTF8*$!
{
	archiveVersion = 1;
	classes = {
	};
	objectVersion = 56;
	objects = {

/* Begin PBXBuildFile section */
		9D3EB1092C00320B00C6B32F /* Guess_The_DoodleApp.swift in Sources */ = {isa = PBXBuildFile; fileRef = 9D3EB1082C00320B00C6B32F /* Guess_The_DoodleApp.swift */; };
		9D3EB10B2C00320B00C6B32F /* ContentView.swift in Sources */ = {isa = PBXBuildFile; fileRef = 9D3EB10A2C00320B00C6B32F /* ContentView.swift */; };
		9D3EB10D2C00320C00C6B32F /* Assets.xcassets in Resources */ = {isa = PBXBuildFile; fileRef = 9D3EB10C2C00320C00C6B32F /* Assets.xcassets */; };
		9D3EB1102C00320C00C6B32F /* Preview Assets.xcassets in Resources */ = {isa = PBXBuildFile; fileRef = 9D3EB10F2C00320C00C6B32F /* Preview Assets.xcassets */; };
		9D3EB1172C00338500C6B32F /* MenuView.swift in Sources */ = {isa = PBXBuildFile; fileRef = 9D3EB1162C00338500C6B32F /* MenuView.swift */; };
		9D3EB1192C00339C00C6B32F /* MatchManager.swift in Sources */ = {isa = PBXBuildFile; fileRef = 9D3EB1182C00339C00C6B32F /* MatchManager.swift */; };
		9D3EB11B2C0033B400C6B32F /* Misc.swift in Sources */ = {isa = PBXBuildFile; fileRef = 9D3EB11A2C0033B400C6B32F /* Misc.swift */; };
		9D3EB11D2C00561A00C6B32F /* GameOverView.swift in Sources */ = {isa = PBXBuildFile; fileRef = 9D3EB11C2C00561A00C6B32F /* GameOverView.swift */; };
		9D3EB11F2C005A7700C6B32F /* GameView.swift in Sources */ = {isa = PBXBuildFile; fileRef = 9D3EB11E2C005A7700C6B32F /* GameView.swift */; };
		9D3EB1212C005C8400C6B32F /* DrawingView.swift in Sources */ = {isa = PBXBuildFile; fileRef = 9D3EB1202C005C8400C6B32F /* DrawingView.swift */; };
		9D3EB1242C0071C300C6B32F /* debug.swift in Sources */ = {isa = PBXBuildFile; fileRef = 9D3EB1232C0071C300C6B32F /* debug.swift */; };
		9D3EB1262C00749200C6B32F /* MatchManager- GKMatchmaker+ViewControllerDelegate.swift in Sources */ = {isa = PBXBuildFile; fileRef = 9D3EB1252C00749200C6B32F /* MatchManager- GKMatchmaker+ViewControllerDelegate.swift */; };
		9D3EB1282C0075A300C6B32F /* MatchManager+GKMatchDelegate.swift in Sources */ = {isa = PBXBuildFile; fileRef = 9D3EB1272C0075A300C6B32F /* MatchManager+GKMatchDelegate.swift */; };
/* End PBXBuildFile section */

/* Begin PBXFileReference section */
		9D3EB1052C00320B00C6B32F /* Guess The Doodle.app */ = {isa = PBXFileReference; explicitFileType = wrapper.application; includeInIndex = 0; path = "Guess The Doodle.app"; sourceTree = BUILT_PRODUCTS_DIR; };
		9D3EB1082C00320B00C6B32F /* Guess_The_DoodleApp.swift */ = {isa = PBXFileReference; lastKnownFileType = sourcecode.swift; path = Guess_The_DoodleApp.swift; sourceTree = "<group>"; };
		9D3EB10A2C00320B00C6B32F /* ContentView.swift */ = {isa = PBXFileReference; lastKnownFileType = sourcecode.swift; path = ContentView.swift; sourceTree = "<group>"; };
		9D3EB10C2C00320C00C6B32F /* Assets.xcassets */ = {isa = PBXFileReference; lastKnownFileType = folder.assetcatalog; path = Assets.xcassets; sourceTree = "<group>"; };
		9D3EB10F2C00320C00C6B32F /* Preview Assets.xcassets */ = {isa = PBXFileReference; lastKnownFileType = folder.assetcatalog; path = "Preview Assets.xcassets"; sourceTree = "<group>"; };
		9D3EB1162C00338500C6B32F /* MenuView.swift */ = {isa = PBXFileReference; lastKnownFileType = sourcecode.swift; path = MenuView.swift; sourceTree = "<group>"; };
		9D3EB1182C00339C00C6B32F /* MatchManager.swift */ = {isa = PBXFileReference; lastKnownFileType = sourcecode.swift; path = MatchManager.swift; sourceTree = "<group>"; };
		9D3EB11A2C0033B400C6B32F /* Misc.swift */ = {isa = PBXFileReference; lastKnownFileType = sourcecode.swift; path = Misc.swift; sourceTree = "<group>"; };
		9D3EB11C2C00561A00C6B32F /* GameOverView.swift */ = {isa = PBXFileReference; lastKnownFileType = sourcecode.swift; path = GameOverView.swift; sourceTree = "<group>"; };
		9D3EB11E2C005A7700C6B32F /* GameView.swift */ = {isa = PBXFileReference; lastKnownFileType = sourcecode.swift; path = GameView.swift; sourceTree = "<group>"; };
		9D3EB1202C005C8400C6B32F /* DrawingView.swift */ = {isa = PBXFileReference; lastKnownFileType = sourcecode.swift; path = DrawingView.swift; sourceTree = "<group>"; };
		9D3EB1222C006FAF00C6B32F /* Guess The Doodle.entitlements */ = {isa = PBXFileReference; lastKnownFileType = text.plist.entitlements; path = "Guess The Doodle.entitlements"; sourceTree = "<group>"; };
		9D3EB1232C0071C300C6B32F /* debug.swift */ = {isa = PBXFileReference; lastKnownFileType = sourcecode.swift; path = debug.swift; sourceTree = "<group>"; };
		9D3EB1252C00749200C6B32F /* MatchManager- GKMatchmaker+ViewControllerDelegate.swift */ = {isa = PBXFileReference; lastKnownFileType = sourcecode.swift; path = "MatchManager- GKMatchmaker+ViewControllerDelegate.swift"; sourceTree = "<group>"; };
		9D3EB1272C0075A300C6B32F /* MatchManager+GKMatchDelegate.swift */ = {isa = PBXFileReference; lastKnownFileType = sourcecode.swift; path = "MatchManager+GKMatchDelegate.swift"; sourceTree = "<group>"; };
/* End PBXFileReference section */

/* Begin PBXFrameworksBuildPhase section */
		9D3EB1022C00320B00C6B32F /* Frameworks */ = {
			isa = PBXFrameworksBuildPhase;
			buildActionMask = 2147483647;
			files = (
			);
			runOnlyForDeploymentPostprocessing = 0;
		};
/* End PBXFrameworksBuildPhase section */

/* Begin PBXGroup section */
		9D3EB0FC2C00320B00C6B32F = {
			isa = PBXGroup;
			children = (
				9D3EB1072C00320B00C6B32F /* Guess The Doodle */,
				9D3EB1062C00320B00C6B32F /* Products */,
			);
			sourceTree = "<group>";
		};
		9D3EB1062C00320B00C6B32F /* Products */ = {
			isa = PBXGroup;
			children = (
				9D3EB1052C00320B00C6B32F /* Guess The Doodle.app */,
			);
			name = Products;
			sourceTree = "<group>";
		};
		9D3EB1072C00320B00C6B32F /* Guess The Doodle */ = {
			isa = PBXGroup;
			children = (
				9D3EB1222C006FAF00C6B32F /* Guess The Doodle.entitlements */,
				9D3EB1232C0071C300C6B32F /* debug.swift */,
				9D3EB1082C00320B00C6B32F /* Guess_The_DoodleApp.swift */,
				9D3EB10A2C00320B00C6B32F /* ContentView.swift */,
				9D3EB1162C00338500C6B32F /* MenuView.swift */,
				9D3EB11E2C005A7700C6B32F /* GameView.swift */,
				9D3EB1202C005C8400C6B32F /* DrawingView.swift */,
				9D3EB11C2C00561A00C6B32F /* GameOverView.swift */,
				9D3EB1182C00339C00C6B32F /* MatchManager.swift */,
				9D3EB1252C00749200C6B32F /* MatchManager- GKMatchmaker+ViewControllerDelegate.swift */,
				9D3EB1272C0075A300C6B32F /* MatchManager+GKMatchDelegate.swift */,
				9D3EB11A2C0033B400C6B32F /* Misc.swift */,
				9D3EB10C2C00320C00C6B32F /* Assets.xcassets */,
				9D3EB10E2C00320C00C6B32F /* Preview Content */,
			);
			path = "Guess The Doodle";
			sourceTree = "<group>";
		};
		9D3EB10E2C00320C00C6B32F /* Preview Content */ = {
			isa = PBXGroup;
			children = (
				9D3EB10F2C00320C00C6B32F /* Preview Assets.xcassets */,
			);
			path = "Preview Content";
			sourceTree = "<group>";
		};
/* End PBXGroup section */

/* Begin PBXNativeTarget section */
		9D3EB1042C00320B00C6B32F /* Guess The Doodle */ = {
			isa = PBXNativeTarget;
			buildConfigurationList = 9D3EB1132C00320C00C6B32F /* Build configuration list for PBXNativeTarget "Guess The Doodle" */;
			buildPhases = (
				9D3EB1012C00320B00C6B32F /* Sources */,
				9D3EB1022C00320B00C6B32F /* Frameworks */,
				9D3EB1032C00320B00C6B32F /* Resources */,
			);
			buildRules = (
			);
			dependencies = (
			);
			name = "Guess The Doodle";
			productName = "Guess The Doodle";
			productReference = 9D3EB1052C00320B00C6B32F /* Guess The Doodle.app */;
			productType = "com.apple.product-type.application";
		};
/* End PBXNativeTarget section */

/* Begin PBXProject section */
		9D3EB0FD2C00320B00C6B32F /* Project object */ = {
			isa = PBXProject;
			attributes = {
				BuildIndependentTargetsInParallel = 1;
				LastSwiftUpdateCheck = 1540;
				LastUpgradeCheck = 1540;
				TargetAttributes = {
					9D3EB1042C00320B00C6B32F = {
						CreatedOnToolsVersion = 15.4;
					};
				};
			};
			buildConfigurationList = 9D3EB1002C00320B00C6B32F /* Build configuration list for PBXProject "Guess The Doodle" */;
			compatibilityVersion = "Xcode 14.0";
			developmentRegion = en;
			hasScannedForEncodings = 0;
			knownRegions = (
				en,
				Base,
			);
			mainGroup = 9D3EB0FC2C00320B00C6B32F;
			productRefGroup = 9D3EB1062C00320B00C6B32F /* Products */;
			projectDirPath = "";
			projectRoot = "";
			targets = (
				9D3EB1042C00320B00C6B32F /* Guess The Doodle */,
			);
		};
/* End PBXProject section */

/* Begin PBXResourcesBuildPhase section */
		9D3EB1032C00320B00C6B32F /* Resources */ = {
			isa = PBXResourcesBuildPhase;
			buildActionMask = 2147483647;
			files = (
				9D3EB1102C00320C00C6B32F /* Preview Assets.xcassets in Resources */,
				9D3EB10D2C00320C00C6B32F /* Assets.xcassets in Resources */,
			);
			runOnlyForDeploymentPostprocessing = 0;
		};
/* End PBXResourcesBuildPhase section */

/* Begin PBXSourcesBuildPhase section */
		9D3EB1012C00320B00C6B32F /* Sources */ = {
			isa = PBXSourcesBuildPhase;
			buildActionMask = 2147483647;
			files = (
				9D3EB10B2C00320B00C6B32F /* ContentView.swift in Sources */,
				9D3EB1192C00339C00C6B32F /* MatchManager.swift in Sources */,
				9D3EB1282C0075A300C6B32F /* MatchManager+GKMatchDelegate.swift in Sources */,
				9D3EB1172C00338500C6B32F /* MenuView.swift in Sources */,
				9D3EB1262C00749200C6B32F /* MatchManager- GKMatchmaker+ViewControllerDelegate.swift in Sources */,
				9D3EB1212C005C8400C6B32F /* DrawingView.swift in Sources */,
				9D3EB1242C0071C300C6B32F /* debug.swift in Sources */,
				9D3EB11B2C0033B400C6B32F /* Misc.swift in Sources */,
				9D3EB11D2C00561A00C6B32F /* GameOverView.swift in Sources */,
				9D3EB1092C00320B00C6B32F /* Guess_The_DoodleApp.swift in Sources */,
				9D3EB11F2C005A7700C6B32F /* GameView.swift in Sources */,
			);
			runOnlyForDeploymentPostprocessing = 0;
		};
/* End PBXSourcesBuildPhase section */

/* Begin XCBuildConfiguration section */
		9D3EB1112C00320C00C6B32F /* Debug */ = {
			isa = XCBuildConfiguration;
			buildSettings = {
				ALWAYS_SEARCH_USER_PATHS = NO;
				ASSETCATALOG_COMPILER_GENERATE_SWIFT_ASSET_SYMBOL_EXTENSIONS = YES;
				CLANG_ANALYZER_NONNULL = YES;
				CLANG_ANALYZER_NUMBER_OBJECT_CONVERSION = YES_AGGRESSIVE;
				CLANG_CXX_LANGUAGE_STANDARD = "gnu++20";
				CLANG_ENABLE_MODULES = YES;
				CLANG_ENABLE_OBJC_ARC = YES;
				CLANG_ENABLE_OBJC_WEAK = YES;
				CLANG_WARN_BLOCK_CAPTURE_AUTORELEASING = YES;
				CLANG_WARN_BOOL_CONVERSION = YES;
				CLANG_WARN_COMMA = YES;
				CLANG_WARN_CONSTANT_CONVERSION = YES;
				CLANG_WARN_DEPRECATED_OBJC_IMPLEMENTATIONS = YES;
				CLANG_WARN_DIRECT_OBJC_ISA_USAGE = YES_ERROR;
				CLANG_WARN_DOCUMENTATION_COMMENTS = YES;
				CLANG_WARN_EMPTY_BODY = YES;
				CLANG_WARN_ENUM_CONVERSION = YES;
				CLANG_WARN_INFINITE_RECURSION = YES;
				CLANG_WARN_INT_CONVERSION = YES;
				CLANG_WARN_NON_LITERAL_NULL_CONVERSION = YES;
				CLANG_WARN_OBJC_IMPLICIT_RETAIN_SELF = YES;
				CLANG_WARN_OBJC_LITERAL_CONVERSION = YES;
				CLANG_WARN_OBJC_ROOT_CLASS = YES_ERROR;
				CLANG_WARN_QUOTED_INCLUDE_IN_FRAMEWORK_HEADER = YES;
				CLANG_WARN_RANGE_LOOP_ANALYSIS = YES;
				CLANG_WARN_STRICT_PROTOTYPES = YES;
				CLANG_WARN_SUSPICIOUS_MOVE = YES;
				CLANG_WARN_UNGUARDED_AVAILABILITY = YES_AGGRESSIVE;
				CLANG_WARN_UNREACHABLE_CODE = YES;
				CLANG_WARN__DUPLICATE_METHOD_MATCH = YES;
				COPY_PHASE_STRIP = NO;
				DEBUG_INFORMATION_FORMAT = dwarf;
				ENABLE_STRICT_OBJC_MSGSEND = YES;
				ENABLE_TESTABILITY = YES;
				ENABLE_USER_SCRIPT_SANDBOXING = YES;
				GCC_C_LANGUAGE_STANDARD = gnu17;
				GCC_DYNAMIC_NO_PIC = NO;
				GCC_NO_COMMON_BLOCKS = YES;
				GCC_OPTIMIZATION_LEVEL = 0;
				GCC_PREPROCESSOR_DEFINITIONS = (
					"DEBUG=1",
					"$(inherited)",
				);
				GCC_WARN_64_TO_32_BIT_CONVERSION = YES;
				GCC_WARN_ABOUT_RETURN_TYPE = YES_ERROR;
				GCC_WARN_UNDECLARED_SELECTOR = YES;
				GCC_WARN_UNINITIALIZED_AUTOS = YES_AGGRESSIVE;
				GCC_WARN_UNUSED_FUNCTION = YES;
				GCC_WARN_UNUSED_VARIABLE = YES;
				IPHONEOS_DEPLOYMENT_TARGET = 17.0;
				LOCALIZATION_PREFERS_STRING_CATALOGS = YES;
				MTL_ENABLE_DEBUG_INFO = INCLUDE_SOURCE;
				MTL_FAST_MATH = YES;
				ONLY_ACTIVE_ARCH = YES;
				SDKROOT = iphoneos;
				SWIFT_ACTIVE_COMPILATION_CONDITIONS = "DEBUG $(inherited)";
				SWIFT_OPTIMIZATION_LEVEL = "-Onone";
			};
			name = Debug;
		};
		9D3EB1122C00320C00C6B32F /* Release */ = {
			isa = XCBuildConfiguration;
			buildSettings = {
				ALWAYS_SEARCH_USER_PATHS = NO;
				ASSETCATALOG_COMPILER_GENERATE_SWIFT_ASSET_SYMBOL_EXTENSIONS = YES;
				CLANG_ANALYZER_NONNULL = YES;
				CLANG_ANALYZER_NUMBER_OBJECT_CONVERSION = YES_AGGRESSIVE;
				CLANG_CXX_LANGUAGE_STANDARD = "gnu++20";
				CLANG_ENABLE_MODULES = YES;
				CLANG_ENABLE_OBJC_ARC = YES;
				CLANG_ENABLE_OBJC_WEAK = YES;
				CLANG_WARN_BLOCK_CAPTURE_AUTORELEASING = YES;
				CLANG_WARN_BOOL_CONVERSION = YES;
				CLANG_WARN_COMMA = YES;
				CLANG_WARN_CONSTANT_CONVERSION = YES;
				CLANG_WARN_DEPRECATED_OBJC_IMPLEMENTATIONS = YES;
				CLANG_WARN_DIRECT_OBJC_ISA_USAGE = YES_ERROR;
				CLANG_WARN_DOCUMENTATION_COMMENTS = YES;
				CLANG_WARN_EMPTY_BODY = YES;
				CLANG_WARN_ENUM_CONVERSION = YES;
				CLANG_WARN_INFINITE_RECURSION = YES;
				CLANG_WARN_INT_CONVERSION = YES;
				CLANG_WARN_NON_LITERAL_NULL_CONVERSION = YES;
				CLANG_WARN_OBJC_IMPLICIT_RETAIN_SELF = YES;
				CLANG_WARN_OBJC_LITERAL_CONVERSION = YES;
				CLANG_WARN_OBJC_ROOT_CLASS = YES_ERROR;
				CLANG_WARN_QUOTED_INCLUDE_IN_FRAMEWORK_HEADER = YES;
				CLANG_WARN_RANGE_LOOP_ANALYSIS = YES;
				CLANG_WARN_STRICT_PROTOTYPES = YES;
				CLANG_WARN_SUSPICIOUS_MOVE = YES;
				CLANG_WARN_UNGUARDED_AVAILABILITY = YES_AGGRESSIVE;
				CLANG_WARN_UNREACHABLE_CODE = YES;
				CLANG_WARN__DUPLICATE_METHOD_MATCH = YES;
				COPY_PHASE_STRIP = NO;
				DEBUG_INFORMATION_FORMAT = "dwarf-with-dsym";
				ENABLE_NS_ASSERTIONS = NO;
				ENABLE_STRICT_OBJC_MSGSEND = YES;
				ENABLE_USER_SCRIPT_SANDBOXING = YES;
				GCC_C_LANGUAGE_STANDARD = gnu17;
				GCC_NO_COMMON_BLOCKS = YES;
				GCC_WARN_64_TO_32_BIT_CONVERSION = YES;
				GCC_WARN_ABOUT_RETURN_TYPE = YES_ERROR;
				GCC_WARN_UNDECLARED_SELECTOR = YES;
				GCC_WARN_UNINITIALIZED_AUTOS = YES_AGGRESSIVE;
				GCC_WARN_UNUSED_FUNCTION = YES;
				GCC_WARN_UNUSED_VARIABLE = YES;
				IPHONEOS_DEPLOYMENT_TARGET = 17.0;
				LOCALIZATION_PREFERS_STRING_CATALOGS = YES;
				MTL_ENABLE_DEBUG_INFO = NO;
				MTL_FAST_MATH = YES;
				SDKROOT = iphoneos;
				SWIFT_COMPILATION_MODE = wholemodule;
				VALIDATE_PRODUCT = YES;
			};
			name = Release;
		};
		9D3EB1142C00320C00C6B32F /* Debug */ = {
			isa = XCBuildConfiguration;
			buildSettings = {
				ASSETCATALOG_COMPILER_APPICON_NAME = AppIcon;
				ASSETCATALOG_COMPILER_GLOBAL_ACCENT_COLOR_NAME = AccentColor;
				CODE_SIGN_ENTITLEMENTS = "Guess The Doodle/Guess The Doodle.entitlements";
				CODE_SIGN_STYLE = Automatic;
				CURRENT_PROJECT_VERSION = 1;
				DEVELOPMENT_ASSET_PATHS = "\"Guess The Doodle/Preview Content\"";
				DEVELOPMENT_TEAM = 5BJR2WYNRK;
				ENABLE_PREVIEWS = YES;
				GENERATE_INFOPLIST_FILE = YES;
				INFOPLIST_KEY_UIApplicationSceneManifest_Generation = YES;
				INFOPLIST_KEY_UIApplicationSupportsIndirectInputEvents = YES;
				INFOPLIST_KEY_UILaunchScreen_Generation = YES;
				INFOPLIST_KEY_UISupportedInterfaceOrientations_iPad = "UIInterfaceOrientationPortrait UIInterfaceOrientationPortraitUpsideDown UIInterfaceOrientationLandscapeLeft UIInterfaceOrientationLandscapeRight";
				INFOPLIST_KEY_UISupportedInterfaceOrientations_iPhone = "UIInterfaceOrientationPortrait UIInterfaceOrientationLandscapeLeft UIInterfaceOrientationLandscapeRight";
				LD_RUNPATH_SEARCH_PATHS = (
					"$(inherited)",
					"@executable_path/Frameworks",
				);
				MARKETING_VERSION = 1.0;
				PRODUCT_BUNDLE_IDENTIFIER = "FromF.com.github.Guess-The-Doodle";
				PRODUCT_NAME = "$(TARGET_NAME)";
				SWIFT_EMIT_LOC_STRINGS = YES;
				SWIFT_VERSION = 5.0;
				TARGETED_DEVICE_FAMILY = "1,2";
			};
			name = Debug;
		};
		9D3EB1152C00320C00C6B32F /* Release */ = {
			isa = XCBuildConfiguration;
			buildSettings = {
				ASSETCATALOG_COMPILER_APPICON_NAME = AppIcon;
				ASSETCATALOG_COMPILER_GLOBAL_ACCENT_COLOR_NAME = AccentColor;
				CODE_SIGN_ENTITLEMENTS = "Guess The Doodle/Guess The Doodle.entitlements";
				CODE_SIGN_STYLE = Automatic;
				CURRENT_PROJECT_VERSION = 1;
				DEVELOPMENT_ASSET_PATHS = "\"Guess The Doodle/Preview Content\"";
				DEVELOPMENT_TEAM = 5BJR2WYNRK;
				ENABLE_PREVIEWS = YES;
				GENERATE_INFOPLIST_FILE = YES;
				INFOPLIST_KEY_UIApplicationSceneManifest_Generation = YES;
				INFOPLIST_KEY_UIApplicationSupportsIndirectInputEvents = YES;
				INFOPLIST_KEY_UILaunchScreen_Generation = YES;
				INFOPLIST_KEY_UISupportedInterfaceOrientations_iPad = "UIInterfaceOrientationPortrait UIInterfaceOrientationPortraitUpsideDown UIInterfaceOrientationLandscapeLeft UIInterfaceOrientationLandscapeRight";
				INFOPLIST_KEY_UISupportedInterfaceOrientations_iPhone = "UIInterfaceOrientationPortrait UIInterfaceOrientationLandscapeLeft UIInterfaceOrientationLandscapeRight";
				LD_RUNPATH_SEARCH_PATHS = (
					"$(inherited)",
					"@executable_path/Frameworks",
				);
				MARKETING_VERSION = 1.0;
				PRODUCT_BUNDLE_IDENTIFIER = "FromF.com.github.Guess-The-Doodle";
				PRODUCT_NAME = "$(TARGET_NAME)";
				SWIFT_EMIT_LOC_STRINGS = YES;
				SWIFT_VERSION = 5.0;
				TARGETED_DEVICE_FAMILY = "1,2";
			};
			name = Release;
		};
/* End XCBuildConfiguration section */

/* Begin XCConfigurationList section */
		9D3EB1002C00320B00C6B32F /* Build configuration list for PBXProject "Guess The Doodle" */ = {
			isa = XCConfigurationList;
			buildConfigurations = (
				9D3EB1112C00320C00C6B32F /* Debug */,
				9D3EB1122C00320C00C6B32F /* Release */,
			);
			defaultConfigurationIsVisible = 0;
			defaultConfigurationName = Release;
		};
		9D3EB1132C00320C00C6B32F /* Build configuration list for PBXNativeTarget "Guess The Doodle" */ = {
			isa = XCConfigurationList;
			buildConfigurations = (
				9D3EB1142C00320C00C6B32F /* Debug */,
				9D3EB1152C00320C00C6B32F /* Release */,
			);
			defaultConfigurationIsVisible = 0;
			defaultConfigurationName = Release;
		};
/* End XCConfigurationList section */
	};
	rootObject = 9D3EB0FD2C00320B00C6B32F /* Project object */;
}
